// !$*UTF8*$!
{
	archiveVersion = 1;
	classes = {
	};
	objectVersion = 56;
	objects = {

/* Begin PBXBuildFile section */
		FBB2CCC32AC6E3FC00BD6702 /* SwiftViewUIApp.swift in Sources */ = {isa = PBXBuildFile; fileRef = FBB2CCC22AC6E3FC00BD6702 /* SwiftViewUIApp.swift */; };
		FBB2CCC72AC6E3FC00BD6702 /* Assets.xcassets in Resources */ = {isa = PBXBuildFile; fileRef = FBB2CCC62AC6E3FC00BD6702 /* Assets.xcassets */; };
		FBB2CCCA2AC6E3FC00BD6702 /* Preview Assets.xcassets in Resources */ = {isa = PBXBuildFile; fileRef = FBB2CCC92AC6E3FC00BD6702 /* Preview Assets.xcassets */; };
		FBB2CCD42AC6E3FC00BD6702 /* SwiftViewUITests.swift in Sources */ = {isa = PBXBuildFile; fileRef = FBB2CCD32AC6E3FC00BD6702 /* SwiftViewUITests.swift */; };
		FBB2CCDE2AC6E3FC00BD6702 /* SwiftViewUIUITests.swift in Sources */ = {isa = PBXBuildFile; fileRef = FBB2CCDD2AC6E3FC00BD6702 /* SwiftViewUIUITests.swift */; };
		FBB2CCE02AC6E3FC00BD6702 /* SwiftViewUIUITestsLaunchTests.swift in Sources */ = {isa = PBXBuildFile; fileRef = FBB2CCDF2AC6E3FC00BD6702 /* SwiftViewUIUITestsLaunchTests.swift */; };
		FBB2CCED2AC6E40D00BD6702 /* ContentView.swift in Sources */ = {isa = PBXBuildFile; fileRef = FBB2CCEC2AC6E40D00BD6702 /* ContentView.swift */; };
		FBB2CCEF2AC6E8FB00BD6702 /* SwiftUIView.swift in Sources */ = {isa = PBXBuildFile; fileRef = FBB2CCEE2AC6E8FA00BD6702 /* SwiftUIView.swift */; };
/* End PBXBuildFile section */

/* Begin PBXContainerItemProxy section */
		FBB2CCD02AC6E3FC00BD6702 /* PBXContainerItemProxy */ = {
			isa = PBXContainerItemProxy;
			containerPortal = FBB2CCB72AC6E3FC00BD6702 /* Project object */;
			proxyType = 1;
			remoteGlobalIDString = FBB2CCBE2AC6E3FC00BD6702;
			remoteInfo = SwiftViewUI;
		};
		FBB2CCDA2AC6E3FC00BD6702 /* PBXContainerItemProxy */ = {
			isa = PBXContainerItemProxy;
			containerPortal = FBB2CCB72AC6E3FC00BD6702 /* Project object */;
			proxyType = 1;
			remoteGlobalIDString = FBB2CCBE2AC6E3FC00BD6702;
			remoteInfo = SwiftViewUI;
		};
/* End PBXContainerItemProxy section */

/* Begin PBXFileReference section */
		FBB2CCBF2AC6E3FC00BD6702 /* SwiftViewUI.app */ = {isa = PBXFileReference; explicitFileType = wrapper.application; includeInIndex = 0; path = SwiftViewUI.app; sourceTree = BUILT_PRODUCTS_DIR; };
		FBB2CCC22AC6E3FC00BD6702 /* SwiftViewUIApp.swift */ = {isa = PBXFileReference; lastKnownFileType = sourcecode.swift; path = SwiftViewUIApp.swift; sourceTree = "<group>"; };
		FBB2CCC62AC6E3FC00BD6702 /* Assets.xcassets */ = {isa = PBXFileReference; lastKnownFileType = folder.assetcatalog; path = Assets.xcassets; sourceTree = "<group>"; };
		FBB2CCC92AC6E3FC00BD6702 /* Preview Assets.xcassets */ = {isa = PBXFileReference; lastKnownFileType = folder.assetcatalog; path = "Preview Assets.xcassets"; sourceTree = "<group>"; };
		FBB2CCCF2AC6E3FC00BD6702 /* SwiftViewUITests.xctest */ = {isa = PBXFileReference; explicitFileType = wrapper.cfbundle; includeInIndex = 0; path = SwiftViewUITests.xctest; sourceTree = BUILT_PRODUCTS_DIR; };
		FBB2CCD32AC6E3FC00BD6702 /* SwiftViewUITests.swift */ = {isa = PBXFileReference; lastKnownFileType = sourcecode.swift; path = SwiftViewUITests.swift; sourceTree = "<group>"; };
		FBB2CCD92AC6E3FC00BD6702 /* SwiftViewUIUITests.xctest */ = {isa = PBXFileReference; explicitFileType = wrapper.cfbundle; includeInIndex = 0; path = SwiftViewUIUITests.xctest; sourceTree = BUILT_PRODUCTS_DIR; };
		FBB2CCDD2AC6E3FC00BD6702 /* SwiftViewUIUITests.swift */ = {isa = PBXFileReference; lastKnownFileType = sourcecode.swift; path = SwiftViewUIUITests.swift; sourceTree = "<group>"; };
		FBB2CCDF2AC6E3FC00BD6702 /* SwiftViewUIUITestsLaunchTests.swift */ = {isa = PBXFileReference; lastKnownFileType = sourcecode.swift; path = SwiftViewUIUITestsLaunchTests.swift; sourceTree = "<group>"; };
		FBB2CCEC2AC6E40D00BD6702 /* ContentView.swift */ = {isa = PBXFileReference; fileEncoding = 4; lastKnownFileType = sourcecode.swift; name = ContentView.swift; path = ../../../ContentView.swift; sourceTree = "<group>"; };
		FBB2CCEE2AC6E8FA00BD6702 /* SwiftUIView.swift */ = {isa = PBXFileReference; lastKnownFileType = sourcecode.swift; path = SwiftUIView.swift; sourceTree = "<group>"; };
/* End PBXFileReference section */

/* Begin PBXFrameworksBuildPhase section */
		FBB2CCBC2AC6E3FC00BD6702 /* Frameworks */ = {
			isa = PBXFrameworksBuildPhase;
			buildActionMask = 2147483647;
			files = (
			);
			runOnlyForDeploymentPostprocessing = 0;
		};
		FBB2CCCC2AC6E3FC00BD6702 /* Frameworks */ = {
			isa = PBXFrameworksBuildPhase;
			buildActionMask = 2147483647;
			files = (
			);
			runOnlyForDeploymentPostprocessing = 0;
		};
		FBB2CCD62AC6E3FC00BD6702 /* Frameworks */ = {
			isa = PBXFrameworksBuildPhase;
			buildActionMask = 2147483647;
			files = (
			);
			runOnlyForDeploymentPostprocessing = 0;
		};
/* End PBXFrameworksBuildPhase section */

/* Begin PBXGroup section */
		FBB2CCB62AC6E3FC00BD6702 = {
			isa = PBXGroup;
			children = (
				FBB2CCC12AC6E3FC00BD6702 /* SwiftViewUI */,
				FBB2CCD22AC6E3FC00BD6702 /* SwiftViewUITests */,
				FBB2CCDC2AC6E3FC00BD6702 /* SwiftViewUIUITests */,
				FBB2CCC02AC6E3FC00BD6702 /* Products */,
			);
			sourceTree = "<group>";
		};
		FBB2CCC02AC6E3FC00BD6702 /* Products */ = {
			isa = PBXGroup;
			children = (
				FBB2CCBF2AC6E3FC00BD6702 /* SwiftViewUI.app */,
				FBB2CCCF2AC6E3FC00BD6702 /* SwiftViewUITests.xctest */,
				FBB2CCD92AC6E3FC00BD6702 /* SwiftViewUIUITests.xctest */,
			);
			name = Products;
			sourceTree = "<group>";
		};
		FBB2CCC12AC6E3FC00BD6702 /* SwiftViewUI */ = {
			isa = PBXGroup;
			children = (
				FBB2CCC22AC6E3FC00BD6702 /* SwiftViewUIApp.swift */,
				FBB2CCEC2AC6E40D00BD6702 /* ContentView.swift */,
				FBB2CCEE2AC6E8FA00BD6702 /* SwiftUIView.swift */,
				FBB2CCC62AC6E3FC00BD6702 /* Assets.xcassets */,
				FBB2CCC82AC6E3FC00BD6702 /* Preview Content */,
			);
			path = SwiftViewUI;
			sourceTree = "<group>";
		};
		FBB2CCC82AC6E3FC00BD6702 /* Preview Content */ = {
			isa = PBXGroup;
			children = (
				FBB2CCC92AC6E3FC00BD6702 /* Preview Assets.xcassets */,
			);
			path = "Preview Content";
			sourceTree = "<group>";
		};
		FBB2CCD22AC6E3FC00BD6702 /* SwiftViewUITests */ = {
			isa = PBXGroup;
			children = (
				FBB2CCD32AC6E3FC00BD6702 /* SwiftViewUITests.swift */,
			);
			path = SwiftViewUITests;
			sourceTree = "<group>";
		};
		FBB2CCDC2AC6E3FC00BD6702 /* SwiftViewUIUITests */ = {
			isa = PBXGroup;
			children = (
				FBB2CCDD2AC6E3FC00BD6702 /* SwiftViewUIUITests.swift */,
				FBB2CCDF2AC6E3FC00BD6702 /* SwiftViewUIUITestsLaunchTests.swift */,
			);
			path = SwiftViewUIUITests;
			sourceTree = "<group>";
		};
/* End PBXGroup section */

/* Begin PBXNativeTarget section */
		FBB2CCBE2AC6E3FC00BD6702 /* SwiftViewUI */ = {
			isa = PBXNativeTarget;
			buildConfigurationList = FBB2CCE32AC6E3FC00BD6702 /* Build configuration list for PBXNativeTarget "SwiftViewUI" */;
			buildPhases = (
				FBB2CCBB2AC6E3FC00BD6702 /* Sources */,
				FBB2CCBC2AC6E3FC00BD6702 /* Frameworks */,
				FBB2CCBD2AC6E3FC00BD6702 /* Resources */,
			);
			buildRules = (
			);
			dependencies = (
			);
			name = SwiftViewUI;
			productName = SwiftViewUI;
			productReference = FBB2CCBF2AC6E3FC00BD6702 /* SwiftViewUI.app */;
			productType = "com.apple.product-type.application";
		};
		FBB2CCCE2AC6E3FC00BD6702 /* SwiftViewUITests */ = {
			isa = PBXNativeTarget;
			buildConfigurationList = FBB2CCE62AC6E3FC00BD6702 /* Build configuration list for PBXNativeTarget "SwiftViewUITests" */;
			buildPhases = (
				FBB2CCCB2AC6E3FC00BD6702 /* Sources */,
				FBB2CCCC2AC6E3FC00BD6702 /* Frameworks */,
				FBB2CCCD2AC6E3FC00BD6702 /* Resources */,
			);
			buildRules = (
			);
			dependencies = (
				FBB2CCD12AC6E3FC00BD6702 /* PBXTargetDependency */,
			);
			name = SwiftViewUITests;
			productName = SwiftViewUITests;
			productReference = FBB2CCCF2AC6E3FC00BD6702 /* SwiftViewUITests.xctest */;
			productType = "com.apple.product-type.bundle.unit-test";
		};
		FBB2CCD82AC6E3FC00BD6702 /* SwiftViewUIUITests */ = {
			isa = PBXNativeTarget;
			buildConfigurationList = FBB2CCE92AC6E3FC00BD6702 /* Build configuration list for PBXNativeTarget "SwiftViewUIUITests" */;
			buildPhases = (
				FBB2CCD52AC6E3FC00BD6702 /* Sources */,
				FBB2CCD62AC6E3FC00BD6702 /* Frameworks */,
				FBB2CCD72AC6E3FC00BD6702 /* Resources */,
			);
			buildRules = (
			);
			dependencies = (
				FBB2CCDB2AC6E3FC00BD6702 /* PBXTargetDependency */,
			);
			name = SwiftViewUIUITests;
			productName = SwiftViewUIUITests;
			productReference = FBB2CCD92AC6E3FC00BD6702 /* SwiftViewUIUITests.xctest */;
			productType = "com.apple.product-type.bundle.ui-testing";
		};
/* End PBXNativeTarget section */

/* Begin PBXProject section */
		FBB2CCB72AC6E3FC00BD6702 /* Project object */ = {
			isa = PBXProject;
			attributes = {
				BuildIndependentTargetsInParallel = 1;
				LastSwiftUpdateCheck = 1420;
				LastUpgradeCheck = 1420;
				TargetAttributes = {
					FBB2CCBE2AC6E3FC00BD6702 = {
						CreatedOnToolsVersion = 14.2;
					};
					FBB2CCCE2AC6E3FC00BD6702 = {
						CreatedOnToolsVersion = 14.2;
						TestTargetID = FBB2CCBE2AC6E3FC00BD6702;
					};
					FBB2CCD82AC6E3FC00BD6702 = {
						CreatedOnToolsVersion = 14.2;
						TestTargetID = FBB2CCBE2AC6E3FC00BD6702;
					};
				};
			};
			buildConfigurationList = FBB2CCBA2AC6E3FC00BD6702 /* Build configuration list for PBXProject "SwiftViewUI" */;
			compatibilityVersion = "Xcode 14.0";
			developmentRegion = en;
			hasScannedForEncodings = 0;
			knownRegions = (
				en,
				Base,
			);
			mainGroup = FBB2CCB62AC6E3FC00BD6702;
			productRefGroup = FBB2CCC02AC6E3FC00BD6702 /* Products */;
			projectDirPath = "";
			projectRoot = "";
			targets = (
				FBB2CCBE2AC6E3FC00BD6702 /* SwiftViewUI */,
				FBB2CCCE2AC6E3FC00BD6702 /* SwiftViewUITests */,
				FBB2CCD82AC6E3FC00BD6702 /* SwiftViewUIUITests */,
			);
		};
/* End PBXProject section */

/* Begin PBXResourcesBuildPhase section */
		FBB2CCBD2AC6E3FC00BD6702 /* Resources */ = {
			isa = PBXResourcesBuildPhase;
			buildActionMask = 2147483647;
			files = (
				FBB2CCCA2AC6E3FC00BD6702 /* Preview Assets.xcassets in Resources */,
				FBB2CCC72AC6E3FC00BD6702 /* Assets.xcassets in Resources */,
			);
			runOnlyForDeploymentPostprocessing = 0;
		};
		FBB2CCCD2AC6E3FC00BD6702 /* Resources */ = {
			isa = PBXResourcesBuildPhase;
			buildActionMask = 2147483647;
			files = (
			);
			runOnlyForDeploymentPostprocessing = 0;
		};
		FBB2CCD72AC6E3FC00BD6702 /* Resources */ = {
			isa = PBXResourcesBuildPhase;
			buildActionMask = 2147483647;
			files = (
			);
			runOnlyForDeploymentPostprocessing = 0;
		};
/* End PBXResourcesBuildPhase section */

/* Begin PBXSourcesBuildPhase section */
		FBB2CCBB2AC6E3FC00BD6702 /* Sources */ = {
			isa = PBXSourcesBuildPhase;
			buildActionMask = 2147483647;
			files = (
				FBB2CCC32AC6E3FC00BD6702 /* SwiftViewUIApp.swift in Sources */,
				FBB2CCED2AC6E40D00BD6702 /* ContentView.swift in Sources */,
				FBB2CCEF2AC6E8FB00BD6702 /* SwiftUIView.swift in Sources */,
			);
			runOnlyForDeploymentPostprocessing = 0;
		};
		FBB2CCCB2AC6E3FC00BD6702 /* Sources */ = {
			isa = PBXSourcesBuildPhase;
			buildActionMask = 2147483647;
			files = (
				FBB2CCD42AC6E3FC00BD6702 /* SwiftViewUITests.swift in Sources */,
			);
			runOnlyForDeploymentPostprocessing = 0;
		};
		FBB2CCD52AC6E3FC00BD6702 /* Sources */ = {
			isa = PBXSourcesBuildPhase;
			buildActionMask = 2147483647;
			files = (
				FBB2CCDE2AC6E3FC00BD6702 /* SwiftViewUIUITests.swift in Sources */,
				FBB2CCE02AC6E3FC00BD6702 /* SwiftViewUIUITestsLaunchTests.swift in Sources */,
			);
			runOnlyForDeploymentPostprocessing = 0;
		};
/* End PBXSourcesBuildPhase section */

/* Begin PBXTargetDependency section */
		FBB2CCD12AC6E3FC00BD6702 /* PBXTargetDependency */ = {
			isa = PBXTargetDependency;
			target = FBB2CCBE2AC6E3FC00BD6702 /* SwiftViewUI */;
			targetProxy = FBB2CCD02AC6E3FC00BD6702 /* PBXContainerItemProxy */;
		};
		FBB2CCDB2AC6E3FC00BD6702 /* PBXTargetDependency */ = {
			isa = PBXTargetDependency;
			target = FBB2CCBE2AC6E3FC00BD6702 /* SwiftViewUI */;
			targetProxy = FBB2CCDA2AC6E3FC00BD6702 /* PBXContainerItemProxy */;
		};
/* End PBXTargetDependency section */

/* Begin XCBuildConfiguration section */
		FBB2CCE12AC6E3FC00BD6702 /* Debug */ = {
			isa = XCBuildConfiguration;
			buildSettings = {
				ALWAYS_SEARCH_USER_PATHS = NO;
				CLANG_ANALYZER_NONNULL = YES;
				CLANG_ANALYZER_NUMBER_OBJECT_CONVERSION = YES_AGGRESSIVE;
				CLANG_CXX_LANGUAGE_STANDARD = "gnu++20";
				CLANG_ENABLE_MODULES = YES;
				CLANG_ENABLE_OBJC_ARC = YES;
				CLANG_ENABLE_OBJC_WEAK = YES;
				CLANG_WARN_BLOCK_CAPTURE_AUTORELEASING = YES;
				CLANG_WARN_BOOL_CONVERSION = YES;
				CLANG_WARN_COMMA = YES;
				CLANG_WARN_CONSTANT_CONVERSION = YES;
				CLANG_WARN_DEPRECATED_OBJC_IMPLEMENTATIONS = YES;
				CLANG_WARN_DIRECT_OBJC_ISA_USAGE = YES_ERROR;
				CLANG_WARN_DOCUMENTATION_COMMENTS = YES;
				CLANG_WARN_EMPTY_BODY = YES;
				CLANG_WARN_ENUM_CONVERSION = YES;
				CLANG_WARN_INFINITE_RECURSION = YES;
				CLANG_WARN_INT_CONVERSION = YES;
				CLANG_WARN_NON_LITERAL_NULL_CONVERSION = YES;
				CLANG_WARN_OBJC_IMPLICIT_RETAIN_SELF = YES;
				CLANG_WARN_OBJC_LITERAL_CONVERSION = YES;
				CLANG_WARN_OBJC_ROOT_CLASS = YES_ERROR;
				CLANG_WARN_QUOTED_INCLUDE_IN_FRAMEWORK_HEADER = YES;
				CLANG_WARN_RANGE_LOOP_ANALYSIS = YES;
				CLANG_WARN_STRICT_PROTOTYPES = YES;
				CLANG_WARN_SUSPICIOUS_MOVE = YES;
				CLANG_WARN_UNGUARDED_AVAILABILITY = YES_AGGRESSIVE;
				CLANG_WARN_UNREACHABLE_CODE = YES;
				CLANG_WARN__DUPLICATE_METHOD_MATCH = YES;
				COPY_PHASE_STRIP = NO;
				DEBUG_INFORMATION_FORMAT = dwarf;
				ENABLE_STRICT_OBJC_MSGSEND = YES;
				ENABLE_TESTABILITY = YES;
				GCC_C_LANGUAGE_STANDARD = gnu11;
				GCC_DYNAMIC_NO_PIC = NO;
				GCC_NO_COMMON_BLOCKS = YES;
				GCC_OPTIMIZATION_LEVEL = 0;
				GCC_PREPROCESSOR_DEFINITIONS = (
					"DEBUG=1",
					"$(inherited)",
				);
				GCC_WARN_64_TO_32_BIT_CONVERSION = YES;
				GCC_WARN_ABOUT_RETURN_TYPE = YES_ERROR;
				GCC_WARN_UNDECLARED_SELECTOR = YES;
				GCC_WARN_UNINITIALIZED_AUTOS = YES_AGGRESSIVE;
				GCC_WARN_UNUSED_FUNCTION = YES;
				GCC_WARN_UNUSED_VARIABLE = YES;
				IPHONEOS_DEPLOYMENT_TARGET = 16.2;
				MTL_ENABLE_DEBUG_INFO = INCLUDE_SOURCE;
				MTL_FAST_MATH = YES;
				ONLY_ACTIVE_ARCH = YES;
				SDKROOT = iphoneos;
				SWIFT_ACTIVE_COMPILATION_CONDITIONS = DEBUG;
				SWIFT_OPTIMIZATION_LEVEL = "-Onone";
			};
			name = Debug;
		};
		FBB2CCE22AC6E3FC00BD6702 /* Release */ = {
			isa = XCBuildConfiguration;
			buildSettings = {
				ALWAYS_SEARCH_USER_PATHS = NO;
				CLANG_ANALYZER_NONNULL = YES;
				CLANG_ANALYZER_NUMBER_OBJECT_CONVERSION = YES_AGGRESSIVE;
				CLANG_CXX_LANGUAGE_STANDARD = "gnu++20";
				CLANG_ENABLE_MODULES = YES;
				CLANG_ENABLE_OBJC_ARC = YES;
				CLANG_ENABLE_OBJC_WEAK = YES;
				CLANG_WARN_BLOCK_CAPTURE_AUTORELEASING = YES;
				CLANG_WARN_BOOL_CONVERSION = YES;
				CLANG_WARN_COMMA = YES;
				CLANG_WARN_CONSTANT_CONVERSION = YES;
				CLANG_WARN_DEPRECATED_OBJC_IMPLEMENTATIONS = YES;
				CLANG_WARN_DIRECT_OBJC_ISA_USAGE = YES_ERROR;
				CLANG_WARN_DOCUMENTATION_COMMENTS = YES;
				CLANG_WARN_EMPTY_BODY = YES;
				CLANG_WARN_ENUM_CONVERSION = YES;
				CLANG_WARN_INFINITE_RECURSION = YES;
				CLANG_WARN_INT_CONVERSION = YES;
				CLANG_WARN_NON_LITERAL_NULL_CONVERSION = YES;
				CLANG_WARN_OBJC_IMPLICIT_RETAIN_SELF = YES;
				CLANG_WARN_OBJC_LITERAL_CONVERSION = YES;
				CLANG_WARN_OBJC_ROOT_CLASS = YES_ERROR;
				CLANG_WARN_QUOTED_INCLUDE_IN_FRAMEWORK_HEADER = YES;
				CLANG_WARN_RANGE_LOOP_ANALYSIS = YES;
				CLANG_WARN_STRICT_PROTOTYPES = YES;
				CLANG_WARN_SUSPICIOUS_MOVE = YES;
				CLANG_WARN_UNGUARDED_AVAILABILITY = YES_AGGRESSIVE;
				CLANG_WARN_UNREACHABLE_CODE = YES;
				CLANG_WARN__DUPLICATE_METHOD_MATCH = YES;
				COPY_PHASE_STRIP = NO;
				DEBUG_INFORMATION_FORMAT = "dwarf-with-dsym";
				ENABLE_NS_ASSERTIONS = NO;
				ENABLE_STRICT_OBJC_MSGSEND = YES;
				GCC_C_LANGUAGE_STANDARD = gnu11;
				GCC_NO_COMMON_BLOCKS = YES;
				GCC_WARN_64_TO_32_BIT_CONVERSION = YES;
				GCC_WARN_ABOUT_RETURN_TYPE = YES_ERROR;
				GCC_WARN_UNDECLARED_SELECTOR = YES;
				GCC_WARN_UNINITIALIZED_AUTOS = YES_AGGRESSIVE;
				GCC_WARN_UNUSED_FUNCTION = YES;
				GCC_WARN_UNUSED_VARIABLE = YES;
				IPHONEOS_DEPLOYMENT_TARGET = 16.2;
				MTL_ENABLE_DEBUG_INFO = NO;
				MTL_FAST_MATH = YES;
				SDKROOT = iphoneos;
				SWIFT_COMPILATION_MODE = wholemodule;
				SWIFT_OPTIMIZATION_LEVEL = "-O";
				VALIDATE_PRODUCT = YES;
			};
			name = Release;
		};
		FBB2CCE42AC6E3FC00BD6702 /* Debug */ = {
			isa = XCBuildConfiguration;
			buildSettings = {
				ASSETCATALOG_COMPILER_APPICON_NAME = AppIcon;
				ASSETCATALOG_COMPILER_GLOBAL_ACCENT_COLOR_NAME = AccentColor;
				CODE_SIGN_STYLE = Automatic;
				CURRENT_PROJECT_VERSION = 1;
				DEVELOPMENT_ASSET_PATHS = "\"SwiftViewUI/Preview Content\"";
				ENABLE_PREVIEWS = YES;
				GENERATE_INFOPLIST_FILE = YES;
				INFOPLIST_KEY_UIApplicationSceneManifest_Generation = YES;
				INFOPLIST_KEY_UIApplicationSupportsIndirectInputEvents = YES;
				INFOPLIST_KEY_UILaunchScreen_Generation = YES;
				INFOPLIST_KEY_UISupportedInterfaceOrientations_iPad = "UIInterfaceOrientationPortrait UIInterfaceOrientationPortraitUpsideDown UIInterfaceOrientationLandscapeLeft UIInterfaceOrientationLandscapeRight";
				INFOPLIST_KEY_UISupportedInterfaceOrientations_iPhone = "UIInterfaceOrientationPortrait UIInterfaceOrientationLandscapeLeft UIInterfaceOrientationLandscapeRight";
				LD_RUNPATH_SEARCH_PATHS = (
					"$(inherited)",
					"@executable_path/Frameworks",
				);
				MARKETING_VERSION = 1.0;
				PRODUCT_BUNDLE_IDENTIFIER = oscaarrhernandez.SwiftViewUI;
				PRODUCT_NAME = "$(TARGET_NAME)";
				SWIFT_EMIT_LOC_STRINGS = YES;
				SWIFT_VERSION = 5.0;
				TARGETED_DEVICE_FAMILY = "1,2";
			};
			name = Debug;
		};
		FBB2CCE52AC6E3FC00BD6702 /* Release */ = {
			isa = XCBuildConfiguration;
			buildSettings = {
				ASSETCATALOG_COMPILER_APPICON_NAME = AppIcon;
				ASSETCATALOG_COMPILER_GLOBAL_ACCENT_COLOR_NAME = AccentColor;
				CODE_SIGN_STYLE = Automatic;
				CURRENT_PROJECT_VERSION = 1;
				DEVELOPMENT_ASSET_PATHS = "\"SwiftViewUI/Preview Content\"";
				ENABLE_PREVIEWS = YES;
				GENERATE_INFOPLIST_FILE = YES;
				INFOPLIST_KEY_UIApplicationSceneManifest_Generation = YES;
				INFOPLIST_KEY_UIApplicationSupportsIndirectInputEvents = YES;
				INFOPLIST_KEY_UILaunchScreen_Generation = YES;
				INFOPLIST_KEY_UISupportedInterfaceOrientations_iPad = "UIInterfaceOrientationPortrait UIInterfaceOrientationPortraitUpsideDown UIInterfaceOrientationLandscapeLeft UIInterfaceOrientationLandscapeRight";
				INFOPLIST_KEY_UISupportedInterfaceOrientations_iPhone = "UIInterfaceOrientationPortrait UIInterfaceOrientationLandscapeLeft UIInterfaceOrientationLandscapeRight";
				LD_RUNPATH_SEARCH_PATHS = (
					"$(inherited)",
					"@executable_path/Frameworks",
				);
				MARKETING_VERSION = 1.0;
				PRODUCT_BUNDLE_IDENTIFIER = oscaarrhernandez.SwiftViewUI;
				PRODUCT_NAME = "$(TARGET_NAME)";
				SWIFT_EMIT_LOC_STRINGS = YES;
				SWIFT_VERSION = 5.0;
				TARGETED_DEVICE_FAMILY = "1,2";
			};
			name = Release;
		};
		FBB2CCE72AC6E3FC00BD6702 /* Debug */ = {
			isa = XCBuildConfiguration;
			buildSettings = {
				ALWAYS_EMBED_SWIFT_STANDARD_LIBRARIES = YES;
				BUNDLE_LOADER = "$(TEST_HOST)";
				CODE_SIGN_STYLE = Automatic;
				CURRENT_PROJECT_VERSION = 1;
				GENERATE_INFOPLIST_FILE = YES;
				IPHONEOS_DEPLOYMENT_TARGET = 16.2;
				MARKETING_VERSION = 1.0;
				PRODUCT_BUNDLE_IDENTIFIER = oscaarrhernandez.SwiftViewUITests;
				PRODUCT_NAME = "$(TARGET_NAME)";
				SWIFT_EMIT_LOC_STRINGS = NO;
				SWIFT_VERSION = 5.0;
				TARGETED_DEVICE_FAMILY = "1,2";
				TEST_HOST = "$(BUILT_PRODUCTS_DIR)/SwiftViewUI.app/$(BUNDLE_EXECUTABLE_FOLDER_PATH)/SwiftViewUI";
			};
			name = Debug;
		};
		FBB2CCE82AC6E3FC00BD6702 /* Release */ = {
			isa = XCBuildConfiguration;
			buildSettings = {
				ALWAYS_EMBED_SWIFT_STANDARD_LIBRARIES = YES;
				BUNDLE_LOADER = "$(TEST_HOST)";
				CODE_SIGN_STYLE = Automatic;
				CURRENT_PROJECT_VERSION = 1;
				GENERATE_INFOPLIST_FILE = YES;
				IPHONEOS_DEPLOYMENT_TARGET = 16.2;
				MARKETING_VERSION = 1.0;
				PRODUCT_BUNDLE_IDENTIFIER = oscaarrhernandez.SwiftViewUITests;
				PRODUCT_NAME = "$(TARGET_NAME)";
				SWIFT_EMIT_LOC_STRINGS = NO;
				SWIFT_VERSION = 5.0;
				TARGETED_DEVICE_FAMILY = "1,2";
				TEST_HOST = "$(BUILT_PRODUCTS_DIR)/SwiftViewUI.app/$(BUNDLE_EXECUTABLE_FOLDER_PATH)/SwiftViewUI";
			};
			name = Release;
		};
		FBB2CCEA2AC6E3FC00BD6702 /* Debug */ = {
			isa = XCBuildConfiguration;
			buildSettings = {
				ALWAYS_EMBED_SWIFT_STANDARD_LIBRARIES = YES;
				CODE_SIGN_STYLE = Automatic;
				CURRENT_PROJECT_VERSION = 1;
				GENERATE_INFOPLIST_FILE = YES;
				MARKETING_VERSION = 1.0;
				PRODUCT_BUNDLE_IDENTIFIER = oscaarrhernandez.SwiftViewUIUITests;
				PRODUCT_NAME = "$(TARGET_NAME)";
				SWIFT_EMIT_LOC_STRINGS = NO;
				SWIFT_VERSION = 5.0;
				TARGETED_DEVICE_FAMILY = "1,2";
				TEST_TARGET_NAME = SwiftViewUI;
			};
			name = Debug;
		};
		FBB2CCEB2AC6E3FC00BD6702 /* Release */ = {
			isa = XCBuildConfiguration;
			buildSettings = {
				ALWAYS_EMBED_SWIFT_STANDARD_LIBRARIES = YES;
				CODE_SIGN_STYLE = Automatic;
				CURRENT_PROJECT_VERSION = 1;
				GENERATE_INFOPLIST_FILE = YES;
				MARKETING_VERSION = 1.0;
				PRODUCT_BUNDLE_IDENTIFIER = oscaarrhernandez.SwiftViewUIUITests;
				PRODUCT_NAME = "$(TARGET_NAME)";
				SWIFT_EMIT_LOC_STRINGS = NO;
				SWIFT_VERSION = 5.0;
				TARGETED_DEVICE_FAMILY = "1,2";
				TEST_TARGET_NAME = SwiftViewUI;
			};
			name = Release;
		};
/* End XCBuildConfiguration section */

/* Begin XCConfigurationList section */
		FBB2CCBA2AC6E3FC00BD6702 /* Build configuration list for PBXProject "SwiftViewUI" */ = {
			isa = XCConfigurationList;
			buildConfigurations = (
				FBB2CCE12AC6E3FC00BD6702 /* Debug */,
				FBB2CCE22AC6E3FC00BD6702 /* Release */,
			);
			defaultConfigurationIsVisible = 0;
			defaultConfigurationName = Release;
		};
		FBB2CCE32AC6E3FC00BD6702 /* Build configuration list for PBXNativeTarget "SwiftViewUI" */ = {
			isa = XCConfigurationList;
			buildConfigurations = (
				FBB2CCE42AC6E3FC00BD6702 /* Debug */,
				FBB2CCE52AC6E3FC00BD6702 /* Release */,
			);
			defaultConfigurationIsVisible = 0;
			defaultConfigurationName = Release;
		};
		FBB2CCE62AC6E3FC00BD6702 /* Build configuration list for PBXNativeTarget "SwiftViewUITests" */ = {
			isa = XCConfigurationList;
			buildConfigurations = (
				FBB2CCE72AC6E3FC00BD6702 /* Debug */,
				FBB2CCE82AC6E3FC00BD6702 /* Release */,
			);
			defaultConfigurationIsVisible = 0;
			defaultConfigurationName = Release;
		};
		FBB2CCE92AC6E3FC00BD6702 /* Build configuration list for PBXNativeTarget "SwiftViewUIUITests" */ = {
			isa = XCConfigurationList;
			buildConfigurations = (
				FBB2CCEA2AC6E3FC00BD6702 /* Debug */,
				FBB2CCEB2AC6E3FC00BD6702 /* Release */,
			);
			defaultConfigurationIsVisible = 0;
			defaultConfigurationName = Release;
		};
/* End XCConfigurationList section */
	};
	rootObject = FBB2CCB72AC6E3FC00BD6702 /* Project object */;
}
